
Microsoft Visual Studio Solution File, Format Version 12.00
# Visual Studio Version 16
VisualStudioVersion = 16.0.30002.166
MinimumVisualStudioVersion = 10.0.40219.1
Project("{FAE04EC0-301F-11D3-BF4B-00C04F79EFBC}") = "NumOut", "NumOut\NumOut.csproj", "{1714C6D7-288F-443D-BA9A-45C72AB79D23}"
EndProject
Project("{FAE04EC0-301F-11D3-BF4B-00C04F79EFBC}") = "MailString", "MailString\MailString.csproj", "{735F1301-C36F-4A92-A5D4-59717D30F475}"
EndProject
Project("{FAE04EC0-301F-11D3-BF4B-00C04F79EFBC}") = "CompareString", "CompareString\CompareString.csproj", "{A89023BB-D052-4AF8-B4D1-1C708DCEDC58}"
EndProject
Global
	GlobalSection(SolutionConfigurationPlatforms) = preSolution
		Debug|Any CPU = Debug|Any CPU
		Release|Any CPU = Release|Any CPU
	EndGlobalSection
	GlobalSection(ProjectConfigurationPlatforms) = postSolution
		{1714C6D7-288F-443D-BA9A-45C72AB79D23}.Debug|Any CPU.ActiveCfg = Debug|Any CPU
		{1714C6D7-288F-443D-BA9A-45C72AB79D23}.Debug|Any CPU.Build.0 = Debug|Any CPU
		{1714C6D7-288F-443D-BA9A-45C72AB79D23}.Release|Any CPU.ActiveCfg = Release|Any CPU
		{1714C6D7-288F-443D-BA9A-45C72AB79D23}.Release|Any CPU.Build.0 = Release|Any CPU
		{735F1301-C36F-4A92-A5D4-59717D30F475}.Debug|Any CPU.ActiveCfg = Debug|Any CPU
		{735F1301-C36F-4A92-A5D4-59717D30F475}.Debug|Any CPU.Build.0 = Debug|Any CPU
		{735F1301-C36F-4A92-A5D4-59717D30F475}.Release|Any CPU.ActiveCfg = Release|Any CPU
		{735F1301-C36F-4A92-A5D4-59717D30F475}.Release|Any CPU.Build.0 = Release|Any CPU
		{A89023BB-D052-4AF8-B4D1-1C708DCEDC58}.Debug|Any CPU.ActiveCfg = Debug|Any CPU
		{A89023BB-D052-4AF8-B4D1-1C708DCEDC58}.Debug|Any CPU.Build.0 = Debug|Any CPU
		{A89023BB-D052-4AF8-B4D1-1C708DCEDC58}.Release|Any CPU.ActiveCfg = Release|Any CPU
		{A89023BB-D052-4AF8-B4D1-1C708DCEDC58}.Release|Any CPU.Build.0 = Release|Any CPU
	EndGlobalSection
	GlobalSection(SolutionProperties) = preSolution
		HideSolutionNode = FALSE
	EndGlobalSection
	GlobalSection(ExtensibilityGlobals) = postSolution
		SolutionGuid = {417E3B1A-C4C9-47F7-B41D-879A4B61367F}
	EndGlobalSection
EndGlobal
